
Microsoft Visual Studio Solution File, Format Version 12.00
# Visual Studio 15
VisualStudioVersion = 15.0.28307.168
MinimumVisualStudioVersion = 10.0.40219.1
Project("{9A19103F-16F7-4668-BE54-9A1E7A4F7556}") = "ComplaintsManagement.Domain", "ComplaintsManagement.Domain\ComplaintsManagement.Domain.csproj", "{6FDF9EBC-DB4C-46EE-AA03-7DE9136B10D0}"
EndProject
Project("{FAE04EC0-301F-11D3-BF4B-00C04F79EFBC}") = "ComplaintsManagement.Infrastructure", "ComplaintsManagement.Infrastructure\ComplaintsManagement.Infrastructure.csproj", "{2E159784-99EE-4001-9B4E-B6954010C29C}"
EndProject
Project("{FAE04EC0-301F-11D3-BF4B-00C04F79EFBC}") = "ComplaintsManagement.UI", "ComplaintsManagement.UI\ComplaintsManagement.UI.csproj", "{0D0F4D67-7C25-4B50-9671-B342490E93BF}"
EndProject
Global
	GlobalSection(SolutionConfigurationPlatforms) = preSolution
		Debug|Any CPU = Debug|Any CPU
		Release|Any CPU = Release|Any CPU
	EndGlobalSection
	GlobalSection(ProjectConfigurationPlatforms) = postSolution
		{6FDF9EBC-DB4C-46EE-AA03-7DE9136B10D0}.Debug|Any CPU.ActiveCfg = Debug|Any CPU
		{6FDF9EBC-DB4C-46EE-AA03-7DE9136B10D0}.Debug|Any CPU.Build.0 = Debug|Any CPU
		{6FDF9EBC-DB4C-46EE-AA03-7DE9136B10D0}.Release|Any CPU.ActiveCfg = Release|Any CPU
		{6FDF9EBC-DB4C-46EE-AA03-7DE9136B10D0}.Release|Any CPU.Build.0 = Release|Any CPU
		{2E159784-99EE-4001-9B4E-B6954010C29C}.Debug|Any CPU.ActiveCfg = Debug|Any CPU
		{2E159784-99EE-4001-9B4E-B6954010C29C}.Debug|Any CPU.Build.0 = Debug|Any CPU
		{2E159784-99EE-4001-9B4E-B6954010C29C}.Release|Any CPU.ActiveCfg = Release|Any CPU
		{2E159784-99EE-4001-9B4E-B6954010C29C}.Release|Any CPU.Build.0 = Release|Any CPU
		{0D0F4D67-7C25-4B50-9671-B342490E93BF}.Debug|Any CPU.ActiveCfg = Debug|Any CPU
		{0D0F4D67-7C25-4B50-9671-B342490E93BF}.Debug|Any CPU.Build.0 = Debug|Any CPU
		{0D0F4D67-7C25-4B50-9671-B342490E93BF}.Release|Any CPU.ActiveCfg = Release|Any CPU
		{0D0F4D67-7C25-4B50-9671-B342490E93BF}.Release|Any CPU.Build.0 = Release|Any CPU
	EndGlobalSection
	GlobalSection(SolutionProperties) = preSolution
		HideSolutionNode = FALSE
	EndGlobalSection
	GlobalSection(ExtensibilityGlobals) = postSolution
		SolutionGuid = {E47D7A09-F205-4CF2-8D86-8A18B0D0289D}
	EndGlobalSection
EndGlobal
